
Microsoft Visual Studio Solution File, Format Version 12.00
# Visual Studio Version 17
VisualStudioVersion = 17.5.33627.172
MinimumVisualStudioVersion = 10.0.40219.1
Project("{9A19103F-16F7-4668-BE54-9A1E7A4F7556}") = "lab10_WPF", "lab10_WPF\lab10_WPF.csproj", "{AB417186-0A2A-4B3B-B8EA-0E65648E719B}"
EndProject
Project("{2150E333-8FDC-42A3-9474-1A3956D46DE8}") = "Test", "Test", "{E39AD375-DA81-4D35-AA86-AC5BCB454CCD}"
EndProject
Project("{FAE04EC0-301F-11D3-BF4B-00C04F79EFBC}") = "ConsoleTest", "ConsoleTest\ConsoleTest.csproj", "{76092D3C-95E8-4BD6-B967-F44DA1C84D05}"
EndProject
Global
	GlobalSection(SolutionConfigurationPlatforms) = preSolution
		Debug|Any CPU = Debug|Any CPU
		Release|Any CPU = Release|Any CPU
	EndGlobalSection
	GlobalSection(ProjectConfigurationPlatforms) = postSolution
		{AB417186-0A2A-4B3B-B8EA-0E65648E719B}.Debug|Any CPU.ActiveCfg = Debug|Any CPU
		{AB417186-0A2A-4B3B-B8EA-0E65648E719B}.Debug|Any CPU.Build.0 = Debug|Any CPU
		{AB417186-0A2A-4B3B-B8EA-0E65648E719B}.Release|Any CPU.ActiveCfg = Release|Any CPU
		{AB417186-0A2A-4B3B-B8EA-0E65648E719B}.Release|Any CPU.Build.0 = Release|Any CPU
		{76092D3C-95E8-4BD6-B967-F44DA1C84D05}.Debug|Any CPU.ActiveCfg = Debug|Any CPU
		{76092D3C-95E8-4BD6-B967-F44DA1C84D05}.Debug|Any CPU.Build.0 = Debug|Any CPU
		{76092D3C-95E8-4BD6-B967-F44DA1C84D05}.Release|Any CPU.ActiveCfg = Release|Any CPU
		{76092D3C-95E8-4BD6-B967-F44DA1C84D05}.Release|Any CPU.Build.0 = Release|Any CPU
	EndGlobalSection
	GlobalSection(SolutionProperties) = preSolution
		HideSolutionNode = FALSE
	EndGlobalSection
	GlobalSection(NestedProjects) = preSolution
		{76092D3C-95E8-4BD6-B967-F44DA1C84D05} = {E39AD375-DA81-4D35-AA86-AC5BCB454CCD}
	EndGlobalSection
	GlobalSection(ExtensibilityGlobals) = postSolution
		SolutionGuid = {07B1D586-1996-47CD-9E03-065203D9C970}
	EndGlobalSection
EndGlobal
